{
  "name": "learnyounode",
  "version": "1.0.0",
  "lockfileVersion": 1,
  "requires": true,
  "dependencies": {
    "bl": {
      "version": "1.2.1",
      "resolved": "https://registry.npmjs.org/bl/-/bl-1.2.1.tgz",
      "integrity": "sha1-ysMo977kVzDUBLaSID/LWQ4XLV4=",
      "requires": {
        "readable-stream": "2.3.3"
      }
    },
    "buffer-from": {
      "version": "0.1.1",
      "resolved": "https://registry.npmjs.org/buffer-from/-/buffer-from-0.1.1.tgz",
      "integrity": "sha1-V7GLHaChnsBvM4N6UnWiQjUb114=",
      "requires": {
        "is-array-buffer-x": "1.4.0"
      }
    },
    "concat-stream": {
      "version": "1.6.0",
      "resolved": "https://registry.npmjs.org/concat-stream/-/concat-stream-1.6.0.tgz",
      "integrity": "sha1-CqxmL9Ur54lk1VMvaUeE5wEQrPc=",
      "requires": {
        "inherits": "2.0.3",
        "readable-stream": "2.3.3",
        "typedarray": "0.0.6"
      }
    },
    "core-util-is": {
      "version": "1.0.2",
      "resolved": "https://registry.npmjs.org/core-util-is/-/core-util-is-1.0.2.tgz",
      "integrity": "sha1-tf1UIgqivFq1eqtxQMlAdUUDwac="
    },
    "duplexer2": {
      "version": "0.0.2",
      "resolved": "https://registry.npmjs.org/duplexer2/-/duplexer2-0.0.2.tgz",
      "integrity": "sha1-xhTc9n4vsUmVqRcR5aYX6KYKMds=",
      "requires": {
        "readable-stream": "1.1.14"
      },
      "dependencies": {
        "isarray": {
          "version": "0.0.1",
          "resolved": "https://registry.npmjs.org/isarray/-/isarray-0.0.1.tgz",
          "integrity": "sha1-ihis/Kmo9Bd+Cav8YDiTmwXR7t8="
        },
        "readable-stream": {
          "version": "1.1.14",
          "resolved": "https://registry.npmjs.org/readable-stream/-/readable-stream-1.1.14.tgz",
          "integrity": "sha1-fPTFTvZI44EwhMY23SB54WbAgdk=",
          "requires": {
            "core-util-is": "1.0.2",
            "inherits": "2.0.3",
            "isarray": "0.0.1",
            "string_decoder": "0.10.31"
          }
        },
        "string_decoder": {
          "version": "0.10.31",
          "resolved": "https://registry.npmjs.org/string_decoder/-/string_decoder-0.10.31.tgz",
          "integrity": "sha1-YuIDvEF2bGwoyfyEMB2rHFMQ+pQ="
        }
      }
    },
    "has-symbol-support-x": {
      "version": "1.4.0",
      "resolved": "https://registry.npmjs.org/has-symbol-support-x/-/has-symbol-support-x-1.4.0.tgz",
      "integrity": "sha512-F1NtLDtW9NyUrS3faUcI1yVFHCTXyzPb1jfrZBQi5NHxFPlXxZnFLFGzfA2DsdmgCxv2MZ0+bfcgC4EZTmk4SQ=="
    },
    "has-to-string-tag-x": {
      "version": "1.4.0",
      "resolved": "https://registry.npmjs.org/has-to-string-tag-x/-/has-to-string-tag-x-1.4.0.tgz",
      "integrity": "sha512-R3OdOP9j6AH5hS1yXeu9wAS+iKSZQx/CC6aMdN6WiaqPlBoA2S+47MtoMsZgKr2m0eAJ+73WWGX0RaFFE5XWKA==",
      "requires": {
        "has-symbol-support-x": "1.4.0"
      }
    },
    "hyperquest": {
      "version": "2.1.2",
      "resolved": "https://registry.npmjs.org/hyperquest/-/hyperquest-2.1.2.tgz",
      "integrity": "sha1-ldv2/MdMdJuuVcw5MhM13datwVg=",
      "requires": {
        "buffer-from": "0.1.1",
        "duplexer2": "0.0.2",
        "through2": "0.6.5"
      }
    },
    "inherits": {
      "version": "2.0.3",
      "resolved": "https://registry.npmjs.org/inherits/-/inherits-2.0.3.tgz",
      "integrity": "sha1-Yzwsg+PaQqUC9SRmAiSA9CCCYd4="
    },
    "is-array-buffer-x": {
      "version": "1.4.0",
      "resolved": "https://registry.npmjs.org/is-array-buffer-x/-/is-array-buffer-x-1.4.0.tgz",
      "integrity": "sha512-0GQe5QPJBh9Lmt+PFP9O2BQvwQ1cMPohgL9vRuNIjb5cYi9HeeJESCJeG8lHziniVR+3VolF8YRz6LlfgNpb0A==",
      "requires": {
        "has-to-string-tag-x": "1.4.0",
        "is-object-like-x": "1.5.0",
        "to-string-tag-x": "1.4.0"
      }
    },
    "is-function-x": {
      "version": "3.1.0",
      "resolved": "https://registry.npmjs.org/is-function-x/-/is-function-x-3.1.0.tgz",
      "integrity": "sha512-QYIql/y+5SRlQyMCO93R+Gq3mPXkSy49MxsEuSu1DCoEx3UUuw+kbsPn7tGf1oStPchZBAqe20/xfqS1wZGSlQ==",
      "requires": {
        "has-to-string-tag-x": "1.4.0",
        "is-primitive": "2.0.0",
        "normalize-space-x": "1.3.2",
        "replace-comments-x": "1.0.1",
        "to-string-tag-x": "1.4.0"
      }
    },
    "is-object-like-x": {
      "version": "1.5.0",
      "resolved": "https://registry.npmjs.org/is-object-like-x/-/is-object-like-x-1.5.0.tgz",
      "integrity": "sha512-8nt2Uf/75/JWi0zL4cSesOkCKW/rcFtNiYi5776ny/LJCchPqheKnx/328MPUaN3uYzkSZKNjo7zbTGMpBfthw==",
      "requires": {
        "is-function-x": "3.1.0",
        "is-primitive": "2.0.0"
      }
    },
    "is-primitive": {
      "version": "2.0.0",
      "resolved": "https://registry.npmjs.org/is-primitive/-/is-primitive-2.0.0.tgz",
      "integrity": "sha1-IHurkWOEmcB7Kt8kCkGochADRXU="
    },
    "is-string": {
      "version": "1.0.4",
      "resolved": "https://registry.npmjs.org/is-string/-/is-string-1.0.4.tgz",
      "integrity": "sha1-zDqbaYV9Yh6WNyWiTK7shzuCbmQ="
    },
    "is-symbol": {
      "version": "1.0.1",
      "resolved": "https://registry.npmjs.org/is-symbol/-/is-symbol-1.0.1.tgz",
      "integrity": "sha1-PMWfAAJRlLarLjjbrmaJJWtmBXI="
    },
    "isarray": {
      "version": "1.0.0",
      "resolved": "https://registry.npmjs.org/isarray/-/isarray-1.0.0.tgz",
      "integrity": "sha1-u5NdSFgsuhaMBoNJV6VKPgcSTxE="
    },
    "lodash.isnull": {
      "version": "3.0.0",
      "resolved": "https://registry.npmjs.org/lodash.isnull/-/lodash.isnull-3.0.0.tgz",
      "integrity": "sha1-+vvlnqHcon7teGU0A53YTC4HxW4="
    },
    "normalize-space-x": {
      "version": "1.3.2",
      "resolved": "https://registry.npmjs.org/normalize-space-x/-/normalize-space-x-1.3.2.tgz",
      "integrity": "sha512-90FkeM1xmKZ47Kl0JY5PhTQCSfxxxPwqQyv744KRyoHi4Ulp9g9uWoygJR/Rdv1oklABuFnwgej1Y+fb+2pQjA==",
      "requires": {
        "trim-x": "1.0.2",
        "white-space-x": "2.0.2"
      }
    },
    "process-nextick-args": {
      "version": "1.0.7",
      "resolved": "https://registry.npmjs.org/process-nextick-args/-/process-nextick-args-1.0.7.tgz",
      "integrity": "sha1-FQ4gt1ZZCtP5EJPyWk8q2L/zC6M="
    },
    "readable-stream": {
      "version": "2.3.3",
      "resolved": "https://registry.npmjs.org/readable-stream/-/readable-stream-2.3.3.tgz",
      "integrity": "sha512-m+qzzcn7KUxEmd1gMbchF+Y2eIUbieUaxkWtptyHywrX0rE8QEYqPC07Vuy4Wm32/xE16NcdBctb8S0Xe/5IeQ==",
      "requires": {
        "core-util-is": "1.0.2",
        "inherits": "2.0.3",
        "isarray": "1.0.0",
        "process-nextick-args": "1.0.7",
        "safe-buffer": "5.1.1",
        "string_decoder": "1.0.3",
        "util-deprecate": "1.0.2"
      }
    },
    "replace-comments-x": {
      "version": "1.0.1",
      "resolved": "https://registry.npmjs.org/replace-comments-x/-/replace-comments-x-1.0.1.tgz",
      "integrity": "sha512-FZLlrcoYb3Cb8bzPxiUTaMR7lm7ZTuUTovb6bHL+aMf41HnGgyRL+oABQ6KKoZo1JBt2UXZs5t2MI06ei2KupA==",
      "requires": {
        "is-string": "1.0.4"
      }
    },
    "safe-buffer": {
      "version": "5.1.1",
      "resolved": "https://registry.npmjs.org/safe-buffer/-/safe-buffer-5.1.1.tgz",
      "integrity": "sha512-kKvNJn6Mm93gAczWVJg7wH+wGYWNrDHdWvpUmHyEsgCtIwwo3bqPtV4tR5tuPaUhTOo/kvhVwd8XwwOllGYkbg=="
    },
    "strftime": {
      "version": "0.10.0",
      "resolved": "https://registry.npmjs.org/strftime/-/strftime-0.10.0.tgz",
      "integrity": "sha1-s/D6QZKVICpaKJ9ta+n0kJphcZM="
    },
    "string_decoder": {
      "version": "1.0.3",
      "resolved": "https://registry.npmjs.org/string_decoder/-/string_decoder-1.0.3.tgz",
      "integrity": "sha512-4AH6Z5fzNNBcH+6XDMfA/BTt87skxqJlO0lAh3Dker5zThcAxG6mKz+iGu308UKoPPQ8Dcqx/4JhujzltRa+hQ==",
      "requires": {
        "safe-buffer": "5.1.1"
      }
    },
    "through2": {
      "version": "0.6.5",
      "resolved": "https://registry.npmjs.org/through2/-/through2-0.6.5.tgz",
      "integrity": "sha1-QaucZ7KdVyCQcUEOHXp6lozTrUg=",
      "requires": {
        "readable-stream": "1.0.34",
        "xtend": "4.0.1"
      },
      "dependencies": {
        "isarray": {
          "version": "0.0.1",
          "resolved": "https://registry.npmjs.org/isarray/-/isarray-0.0.1.tgz",
          "integrity": "sha1-ihis/Kmo9Bd+Cav8YDiTmwXR7t8="
        },
        "readable-stream": {
          "version": "1.0.34",
          "resolved": "https://registry.npmjs.org/readable-stream/-/readable-stream-1.0.34.tgz",
          "integrity": "sha1-Elgg40vIQtLyqq+v5MKRbuMsFXw=",
          "requires": {
            "core-util-is": "1.0.2",
            "inherits": "2.0.3",
            "isarray": "0.0.1",
            "string_decoder": "0.10.31"
          }
        },
        "string_decoder": {
          "version": "0.10.31",
          "resolved": "https://registry.npmjs.org/string_decoder/-/string_decoder-0.10.31.tgz",
          "integrity": "sha1-YuIDvEF2bGwoyfyEMB2rHFMQ+pQ="
        }
      }
    },
    "through2-map": {
      "version": "3.0.0",
      "resolved": "https://registry.npmjs.org/through2-map/-/through2-map-3.0.0.tgz",
      "integrity": "sha1-psMCbOY7SJipl9VAUGtm/9lw8nE=",
      "requires": {
        "through2": "2.0.3",
        "xtend": "4.0.1"
      },
      "dependencies": {
        "through2": {
          "version": "2.0.3",
          "resolved": "https://registry.npmjs.org/through2/-/through2-2.0.3.tgz",
          "integrity": "sha1-AARWmzfHx0ujnEPzzteNGtlBQL4=",
          "requires": {
            "readable-stream": "2.3.3",
            "xtend": "4.0.1"
          }
        }
      }
    },
    "to-string-tag-x": {
      "version": "1.4.0",
      "resolved": "https://registry.npmjs.org/to-string-tag-x/-/to-string-tag-x-1.4.0.tgz",
      "integrity": "sha512-+hKRhsBP35H2Poucdg/lnHnV3OBwx9Ynz865ZBtdCY5kcgFzOVpGq2zjKHSvOaQDUk/FITmsDHRtCLYBi67vVA==",
      "requires": {
        "lodash.isnull": "3.0.0",
        "validate.io-undefined": "1.0.3"
      }
    },
    "to-string-x": {
      "version": "1.4.0",
      "resolved": "https://registry.npmjs.org/to-string-x/-/to-string-x-1.4.0.tgz",
      "integrity": "sha512-Wc3+16c087b3Oj8ycNLrdJmQPkGGMdtPdeDwsWhNwtTGnGClNdcqUuoZSq0d9br6qh9GDPtlCUjyhz8eIwPmZQ==",
      "requires": {
        "is-symbol": "1.0.1"
      }
    },
    "trim-left-x": {
      "version": "1.3.3",
      "resolved": "https://registry.npmjs.org/trim-left-x/-/trim-left-x-1.3.3.tgz",
      "integrity": "sha512-+BR0IT+4pQvoQemCY0j6D6aFs2W/9mpYuXMtPtTWjwd2Juq7JFlprBvLBJF6FdlEOkKneG4Zwc7zcf4Zdj7j1g==",
      "requires": {
        "to-string-x": "1.4.0",
        "white-space-x": "2.0.2"
      }
    },
    "trim-right-x": {
      "version": "1.3.2",
      "resolved": "https://registry.npmjs.org/trim-right-x/-/trim-right-x-1.3.2.tgz",
      "integrity": "sha512-BFpADj8aAgQb8+KSOEIC9KNZXCqybLA94F0lAnyXxF9D3P0IBzQ3/qPPGw3KkDV0uy38z75mHeGPq47Uucwvpw==",
      "requires": {
        "to-string-x": "1.4.0",
        "white-space-x": "2.0.2"
      }
    },
    "trim-x": {
      "version": "1.0.2",
      "resolved": "https://registry.npmjs.org/trim-x/-/trim-x-1.0.2.tgz",
      "integrity": "sha512-jH5BwdQ+/sFqrKhJyJiX3wck5UVzZZbVOm7468zijazVddT9y5/gf+XlwHo9bOYhLPLsUbnsSivCT2G3dXcQJg==",
      "requires": {
        "trim-left-x": "1.3.3",
        "trim-right-x": "1.3.2"
      }
    },
    "typedarray": {
      "version": "0.0.6",
      "resolved": "https://registry.npmjs.org/typedarray/-/typedarray-0.0.6.tgz",
      "integrity": "sha1-hnrHTjhkGHsdPUfZlqeOxciDB3c="
    },
    "util-deprecate": {
      "version": "1.0.2",
      "resolved": "https://registry.npmjs.org/util-deprecate/-/util-deprecate-1.0.2.tgz",
      "integrity": "sha1-RQ1Nyfpw3nMnYvvS1KKJgUGaDM8="
    },
    "validate.io-undefined": {
      "version": "1.0.3",
      "resolved": "https://registry.npmjs.org/validate.io-undefined/-/validate.io-undefined-1.0.3.tgz",
      "integrity": "sha1-fif8uzFbhB54JDQxiXZxkp4gt/Q="
    },
    "white-space-x": {
      "version": "2.0.2",
      "resolved": "https://registry.npmjs.org/white-space-x/-/white-space-x-2.0.2.tgz",
      "integrity": "sha512-fFV+/CTimN5y1ivUbnnH1yL/D8WiXqK9IixeLlxXWMttTJWY6g40v7o+i0Q6wFH0eQ/IPo8fBH2CaquIwEDkxw=="
    },
    "xtend": {
      "version": "4.0.1",
      "resolved": "https://registry.npmjs.org/xtend/-/xtend-4.0.1.tgz",
      "integrity": "sha1-pcbVMr5lbiPbgg77lDofBJmNY68="
    }
  }
}
